[root]
name = "rquery"
version = "0.3.1"
dependencies = [
 "xml-rs 0.3.6 (registry+https://github.com/rust-lang/crates.io-index)",
]

[[package]]
name = "bitflags"
version = "0.7.0"
source = "registry+https://github.com/rust-lang/crates.io-index"

[[package]]
name = "xml-rs"
version = "0.3.6"
source = "registry+https://github.com/rust-lang/crates.io-index"
dependencies = [
 "bitflags 0.7.0 (registry+https://github.com/rust-lang/crates.io-index)",
]

[metadata]
"checksum bitflags 0.7.0 (registry+https://github.com/rust-lang/crates.io-index)" = "aad18937a628ec6abcd26d1489012cc0e18c21798210f491af69ded9b881106d"
"checksum xml-rs 0.3.6 (registry+https://github.com/rust-lang/crates.io-index)" = "7ec6c39eaa68382c8e31e35239402c0a9489d4141a8ceb0c716099a0b515b562"
